[{<<"edown">>,
  {git,"https://github.com/uwiger/edown.git",
       {ref,"754be25f71a04099c83f3ffdff268e70beeb0021"}},
  1},
 {<<"jsx">>,
  {git,"https://github.com/talentdeficit/jsx.git",
       {ref,"3074d4865b3385a050badf7828ad31490d860df5"}},
  0},
 {<<"parse_trans">>,
  {git,"https://github.com/uwiger/parse_trans.git",
       {ref,"6f3645afb43c7c57d61b54ef59aecab288ce1013"}},
  0},
 {<<"quickrand">>,
  {git,"https://github.com/okeuday/quickrand.git",
       {ref,"559e5e3f28bb2bf51acbc38f1c47b12c10094117"}},
  1},
 {<<"sc_util">>,
  {git,"https://github.com/silentcircle/sc_util.git",
       {ref,"86c1369b381d5c5f329a94f90f03ed059ae1ed95"}},
  0},
 {<<"uuid">>,
  {git,"https://github.com/okeuday/uuid.git",
       {ref,"06eca0bd373e97f5d7eda4f8df0621d3903754ef"}},
  0}].
